<?xml version="1.0" encoding="UTF-8" standalone="yes" ?>
<CodeBlocks_project_file>
	<FileVersion major="1" minor="6" />
	<Project>
		<Option title="Cortex_M4F" />
		<Option pch_mode="2" />
		<Option compiler="gcc" />
		<Build>
			<Target title="Debug">
				<Option output="libCodeblocks" prefix_auto="1" extension_auto="1" />
				<Option working_dir="" />
				<Option object_output="obj/Debug/" />
				<Option type="2" />
				<Option compiler="gcc" />
				<Option createDefFile="1" />
				<Compiler>
					<Add option="-Wall" />
					<Add option="-g" />
				</Compiler>
			</Target>
			<Target title="Release">
				<Option output="libCodeblocks" prefix_auto="1" extension_auto="1" />
				<Option working_dir="" />
				<Option object_output="obj/Release/" />
				<Option type="2" />
				<Option compiler="gcc" />
				<Option createDefFile="1" />
				<Compiler>
					<Add option="-Wall" />
					<Add option="-O2" />
				</Compiler>
				<Linker>
					<Add option="-s" />
				</Linker>
			</Target>
		</Build>
		<Unit filename="../../../Libraries/STM32F4xx_StdPeriph_Driver/src/stm32f4xx_tim.c">
			<Option compilerVar="CC" />
		</Unit>
		<Unit filename="../inc/stm32f4_discovery.h" />
		<Unit filename="../inc/stm32f4xx.h" />
		<Unit filename="../inc/stm32f4xx_adc.h" />
		<Unit filename="../inc/stm32f4xx_dac.h" />
		<Unit filename="../inc/stm32f4xx_dma.h" />
		<Unit filename="../inc/stm32f4xx_gpio.h" />
		<Unit filename="../inc/stm32f4xx_rcc.h" />
		<Unit filename="../src/main.c">
			<Option compilerVar="CC" />
		</Unit>
		<Unit filename="../src/main_dual.c">
			<Option compilerVar="CC" />
		</Unit>
		<Unit filename="../src/main_filt.c">
			<Option compilerVar="CC" />
		</Unit>
		<Unit filename="../src/stm32f4_discovery.c">
			<Option compilerVar="CC" />
		</Unit>
		<Unit filename="../src/stm32f4xx_adc.c">
			<Option compilerVar="CC" />
		</Unit>
		<Unit filename="../src/stm32f4xx_dma.c">
			<Option compilerVar="CC" />
		</Unit>
		<Unit filename="../src/stm32f4xx_rcc.c">
			<Option compilerVar="CC" />
		</Unit>
		<Unit filename="../src/system_stm32f4xx.c">
			<Option compilerVar="CC" />
		</Unit>
		<Unit filename="../../../f405_i2s_delay/arm_math.h" />
		<Extensions>
			<code_completion />
			<debugger />
		</Extensions>
	</Project>
</CodeBlocks_project_file>
